// !$*UTF8*$!
{
	archiveVersion = 1;
	classes = {
	};
	objectVersion = 56;
	objects = {

/* Begin PBXBuildFile section */
		F4BDA3172C0E5903003F67B7 /* NkaClavierApp.swift in Sources */ = {isa = PBXBuildFile; fileRef = F4BDA3162C0E5903003F67B7 /* NkaClavierApp.swift */; };
		F4BDA3192C0E5903003F67B7 /* ContentView.swift in Sources */ = {isa = PBXBuildFile; fileRef = F4BDA3182C0E5903003F67B7 /* ContentView.swift */; };
		F4BDA31B2C0E5906003F67B7 /* Assets.xcassets in Resources */ = {isa = PBXBuildFile; fileRef = F4BDA31A2C0E5906003F67B7 /* Assets.xcassets */; };
		F4BDA32C2C0E6004003F67B7 /* KeyboardViewController.swift in Sources */ = {isa = PBXBuildFile; fileRef = F4BDA32B2C0E6004003F67B7 /* KeyboardViewController.swift */; };
		F4BDA3302C0E6004003F67B7 /* Bamanankan.appex in Embed Foundation Extensions */ = {isa = PBXBuildFile; fileRef = F4BDA3292C0E6004003F67B7 /* Bamanankan.appex */; settings = {ATTRIBUTES = (RemoveHeadersOnCopy, ); }; };
		F4BDA33C2C0E603B003F67B7 /* KeyboardViewController.swift in Sources */ = {isa = PBXBuildFile; fileRef = F4BDA33B2C0E603B003F67B7 /* KeyboardViewController.swift */; };
		F4BDA3402C0E603C003F67B7 /* Soninkaxane.appex in Embed Foundation Extensions */ = {isa = PBXBuildFile; fileRef = F4BDA3392C0E603B003F67B7 /* Soninkaxane.appex */; settings = {ATTRIBUTES = (RemoveHeadersOnCopy, ); }; };
		F4BDA3462C0E6052003F67B7 /* KeyboardKit in Frameworks */ = {isa = PBXBuildFile; productRef = F4BDA3452C0E6052003F67B7 /* KeyboardKit */; };
		F4BDA34F2C0E61EC003F67B7 /* KeyboardKit in Frameworks */ = {isa = PBXBuildFile; productRef = F4BDA34E2C0E61EC003F67B7 /* KeyboardKit */; };
		F4BDA3582C0E621E003F67B7 /* BambaraCalloutActionProvider.swift in Sources */ = {isa = PBXBuildFile; fileRef = F4BDA3502C0E621E003F67B7 /* BambaraCalloutActionProvider.swift */; };
		F4BDA3592C0E621E003F67B7 /* suggestion.json in Resources */ = {isa = PBXBuildFile; fileRef = F4BDA3512C0E621E003F67B7 /* suggestion.json */; };
		F4BDA35A2C0E621E003F67B7 /* CustomAutocompleteProvider.swift in Sources */ = {isa = PBXBuildFile; fileRef = F4BDA3522C0E621E003F67B7 /* CustomAutocompleteProvider.swift */; };
		F4BDA35B2C0E621E003F67B7 /* Extensions.swift in Sources */ = {isa = PBXBuildFile; fileRef = F4BDA3532C0E621E003F67B7 /* Extensions.swift */; };
		F4BDA35C2C0E621E003F67B7 /* SearchEngine.swift in Sources */ = {isa = PBXBuildFile; fileRef = F4BDA3542C0E621E003F67B7 /* SearchEngine.swift */; };
		F4BDA35D2C0E621E003F67B7 /* BambaraLayoutProvider.swift in Sources */ = {isa = PBXBuildFile; fileRef = F4BDA3562C0E621E003F67B7 /* BambaraLayoutProvider.swift */; };
		F4BDA35E2C0E621E003F67B7 /* BambaraStyleProvider.swift in Sources */ = {isa = PBXBuildFile; fileRef = F4BDA3572C0E621E003F67B7 /* BambaraStyleProvider.swift */; };
		F4BDA3622C0E62B6003F67B7 /* SoninkeLayoutProvider.swift in Sources */ = {isa = PBXBuildFile; fileRef = F4BDA35F2C0E62B5003F67B7 /* SoninkeLayoutProvider.swift */; };
		F4BDA3632C0E62B6003F67B7 /* SoninkeStyleProvider.swift in Sources */ = {isa = PBXBuildFile; fileRef = F4BDA3602C0E62B6003F67B7 /* SoninkeStyleProvider.swift */; };
		F4BDA3642C0E62B6003F67B7 /* suggestion.json in Resources */ = {isa = PBXBuildFile; fileRef = F4BDA3612C0E62B6003F67B7 /* suggestion.json */; };
		F4BDA3652C0E62E1003F67B7 /* Extensions.swift in Sources */ = {isa = PBXBuildFile; fileRef = F4BDA3532C0E621E003F67B7 /* Extensions.swift */; };
		F4BDA3662C0E62E1003F67B7 /* SearchEngine.swift in Sources */ = {isa = PBXBuildFile; fileRef = F4BDA3542C0E621E003F67B7 /* SearchEngine.swift */; };
		F4BDA3672C0E62E1003F67B7 /* CustomAutocompleteProvider.swift in Sources */ = {isa = PBXBuildFile; fileRef = F4BDA3522C0E621E003F67B7 /* CustomAutocompleteProvider.swift */; };
		F4BDA3702C0E634D003F67B7 /* InfoItem.swift in Sources */ = {isa = PBXBuildFile; fileRef = F4BDA3682C0E634D003F67B7 /* InfoItem.swift */; };
		F4BDA3712C0E634D003F67B7 /* BlurEffect.swift in Sources */ = {isa = PBXBuildFile; fileRef = F4BDA36A2C0E634D003F67B7 /* BlurEffect.swift */; };
		F4BDA3722C0E634D003F67B7 /* InfoItemView.swift in Sources */ = {isa = PBXBuildFile; fileRef = F4BDA36B2C0E634D003F67B7 /* InfoItemView.swift */; };
		F4BDA3732C0E634D003F67B7 /* PopButton.swift in Sources */ = {isa = PBXBuildFile; fileRef = F4BDA36C2C0E634D003F67B7 /* PopButton.swift */; };
		F4BDA3742C0E634D003F67B7 /* PrivacyPolicyView.swift in Sources */ = {isa = PBXBuildFile; fileRef = F4BDA36D2C0E634D003F67B7 /* PrivacyPolicyView.swift */; };
		F4BDA3752C0E634D003F67B7 /* Typewriter.swift in Sources */ = {isa = PBXBuildFile; fileRef = F4BDA36E2C0E634D003F67B7 /* Typewriter.swift */; };
		F4BDA3792C0E65D8003F67B7 /* InfoPlist.xcstrings in Resources */ = {isa = PBXBuildFile; fileRef = F4BDA3782C0E65D8003F67B7 /* InfoPlist.xcstrings */; };
/* End PBXBuildFile section */

/* Begin PBXContainerItemProxy section */
		F4BDA32E2C0E6004003F67B7 /* PBXContainerItemProxy */ = {
			isa = PBXContainerItemProxy;
			containerPortal = F4BDA30B2C0E5903003F67B7 /* Project object */;
			proxyType = 1;
			remoteGlobalIDString = F4BDA3282C0E6004003F67B7;
			remoteInfo = Bamanankan;
		};
		F4BDA33E2C0E603C003F67B7 /* PBXContainerItemProxy */ = {
			isa = PBXContainerItemProxy;
			containerPortal = F4BDA30B2C0E5903003F67B7 /* Project object */;
			proxyType = 1;
			remoteGlobalIDString = F4BDA3382C0E603B003F67B7;
			remoteInfo = Soninkaxane;
		};
/* End PBXContainerItemProxy section */

/* Begin PBXCopyFilesBuildPhase section */
		F4BDA3342C0E6004003F67B7 /* Embed Foundation Extensions */ = {
			isa = PBXCopyFilesBuildPhase;
			buildActionMask = 2147483647;
			dstPath = "";
			dstSubfolderSpec = 13;
			files = (
				F4BDA3402C0E603C003F67B7 /* Soninkaxane.appex in Embed Foundation Extensions */,
				F4BDA3302C0E6004003F67B7 /* Bamanankan.appex in Embed Foundation Extensions */,
			);
			name = "Embed Foundation Extensions";
			runOnlyForDeploymentPostprocessing = 0;
		};
/* End PBXCopyFilesBuildPhase section */

/* Begin PBXFileReference section */
		F4BDA3132C0E5903003F67B7 /* NkaClavier.app */ = {isa = PBXFileReference; explicitFileType = wrapper.application; includeInIndex = 0; path = NkaClavier.app; sourceTree = BUILT_PRODUCTS_DIR; };
		F4BDA3162C0E5903003F67B7 /* NkaClavierApp.swift */ = {isa = PBXFileReference; lastKnownFileType = sourcecode.swift; path = NkaClavierApp.swift; sourceTree = "<group>"; };
		F4BDA3182C0E5903003F67B7 /* ContentView.swift */ = {isa = PBXFileReference; lastKnownFileType = sourcecode.swift; path = ContentView.swift; sourceTree = "<group>"; };
		F4BDA31A2C0E5906003F67B7 /* Assets.xcassets */ = {isa = PBXFileReference; lastKnownFileType = folder.assetcatalog; path = Assets.xcassets; sourceTree = "<group>"; };
		F4BDA3292C0E6004003F67B7 /* Bamanankan.appex */ = {isa = PBXFileReference; explicitFileType = "wrapper.app-extension"; includeInIndex = 0; path = Bamanankan.appex; sourceTree = BUILT_PRODUCTS_DIR; };
		F4BDA32B2C0E6004003F67B7 /* KeyboardViewController.swift */ = {isa = PBXFileReference; lastKnownFileType = sourcecode.swift; path = KeyboardViewController.swift; sourceTree = "<group>"; };
		F4BDA32D2C0E6004003F67B7 /* Info.plist */ = {isa = PBXFileReference; lastKnownFileType = text.plist.xml; path = Info.plist; sourceTree = "<group>"; };
		F4BDA3392C0E603B003F67B7 /* Soninkaxane.appex */ = {isa = PBXFileReference; explicitFileType = "wrapper.app-extension"; includeInIndex = 0; path = Soninkaxane.appex; sourceTree = BUILT_PRODUCTS_DIR; };
		F4BDA33B2C0E603B003F67B7 /* KeyboardViewController.swift */ = {isa = PBXFileReference; lastKnownFileType = sourcecode.swift; path = KeyboardViewController.swift; sourceTree = "<group>"; };
		F4BDA33D2C0E603B003F67B7 /* Info.plist */ = {isa = PBXFileReference; lastKnownFileType = text.plist.xml; path = Info.plist; sourceTree = "<group>"; };
		F4BDA3502C0E621E003F67B7 /* BambaraCalloutActionProvider.swift */ = {isa = PBXFileReference; fileEncoding = 4; lastKnownFileType = sourcecode.swift; path = BambaraCalloutActionProvider.swift; sourceTree = "<group>"; };
		F4BDA3512C0E621E003F67B7 /* suggestion.json */ = {isa = PBXFileReference; fileEncoding = 4; lastKnownFileType = text.json; path = suggestion.json; sourceTree = "<group>"; };
		F4BDA3522C0E621E003F67B7 /* CustomAutocompleteProvider.swift */ = {isa = PBXFileReference; fileEncoding = 4; lastKnownFileType = sourcecode.swift; path = CustomAutocompleteProvider.swift; sourceTree = "<group>"; };
		F4BDA3532C0E621E003F67B7 /* Extensions.swift */ = {isa = PBXFileReference; fileEncoding = 4; lastKnownFileType = sourcecode.swift; path = Extensions.swift; sourceTree = "<group>"; };
		F4BDA3542C0E621E003F67B7 /* SearchEngine.swift */ = {isa = PBXFileReference; fileEncoding = 4; lastKnownFileType = sourcecode.swift; path = SearchEngine.swift; sourceTree = "<group>"; };
		F4BDA3562C0E621E003F67B7 /* BambaraLayoutProvider.swift */ = {isa = PBXFileReference; fileEncoding = 4; lastKnownFileType = sourcecode.swift; path = BambaraLayoutProvider.swift; sourceTree = "<group>"; };
		F4BDA3572C0E621E003F67B7 /* BambaraStyleProvider.swift */ = {isa = PBXFileReference; fileEncoding = 4; lastKnownFileType = sourcecode.swift; path = BambaraStyleProvider.swift; sourceTree = "<group>"; };
		F4BDA35F2C0E62B5003F67B7 /* SoninkeLayoutProvider.swift */ = {isa = PBXFileReference; fileEncoding = 4; lastKnownFileType = sourcecode.swift; path = SoninkeLayoutProvider.swift; sourceTree = "<group>"; };
		F4BDA3602C0E62B6003F67B7 /* SoninkeStyleProvider.swift */ = {isa = PBXFileReference; fileEncoding = 4; lastKnownFileType = sourcecode.swift; path = SoninkeStyleProvider.swift; sourceTree = "<group>"; };
		F4BDA3612C0E62B6003F67B7 /* suggestion.json */ = {isa = PBXFileReference; fileEncoding = 4; lastKnownFileType = text.json; path = suggestion.json; sourceTree = "<group>"; };
		F4BDA3682C0E634D003F67B7 /* InfoItem.swift */ = {isa = PBXFileReference; fileEncoding = 4; lastKnownFileType = sourcecode.swift; path = InfoItem.swift; sourceTree = "<group>"; };
		F4BDA36A2C0E634D003F67B7 /* BlurEffect.swift */ = {isa = PBXFileReference; fileEncoding = 4; lastKnownFileType = sourcecode.swift; path = BlurEffect.swift; sourceTree = "<group>"; };
		F4BDA36B2C0E634D003F67B7 /* InfoItemView.swift */ = {isa = PBXFileReference; fileEncoding = 4; lastKnownFileType = sourcecode.swift; path = InfoItemView.swift; sourceTree = "<group>"; };
		F4BDA36C2C0E634D003F67B7 /* PopButton.swift */ = {isa = PBXFileReference; fileEncoding = 4; lastKnownFileType = sourcecode.swift; path = PopButton.swift; sourceTree = "<group>"; };
		F4BDA36D2C0E634D003F67B7 /* PrivacyPolicyView.swift */ = {isa = PBXFileReference; fileEncoding = 4; lastKnownFileType = sourcecode.swift; path = PrivacyPolicyView.swift; sourceTree = "<group>"; };
		F4BDA36E2C0E634D003F67B7 /* Typewriter.swift */ = {isa = PBXFileReference; fileEncoding = 4; lastKnownFileType = sourcecode.swift; path = Typewriter.swift; sourceTree = "<group>"; };
		F4BDA3782C0E65D8003F67B7 /* InfoPlist.xcstrings */ = {isa = PBXFileReference; fileEncoding = 4; lastKnownFileType = text.json.xcstrings; path = InfoPlist.xcstrings; sourceTree = "<group>"; };
/* End PBXFileReference section */

/* Begin PBXFrameworksBuildPhase section */
		F4BDA3102C0E5903003F67B7 /* Frameworks */ = {
			isa = PBXFrameworksBuildPhase;
			buildActionMask = 2147483647;
			files = (
			);
			runOnlyForDeploymentPostprocessing = 0;
		};
		F4BDA3262C0E6004003F67B7 /* Frameworks */ = {
			isa = PBXFrameworksBuildPhase;
			buildActionMask = 2147483647;
			files = (
				F4BDA34F2C0E61EC003F67B7 /* KeyboardKit in Frameworks */,
			);
			runOnlyForDeploymentPostprocessing = 0;
		};
		F4BDA3362C0E603B003F67B7 /* Frameworks */ = {
			isa = PBXFrameworksBuildPhase;
			buildActionMask = 2147483647;
			files = (
				F4BDA3462C0E6052003F67B7 /* KeyboardKit in Frameworks */,
			);
			runOnlyForDeploymentPostprocessing = 0;
		};
/* End PBXFrameworksBuildPhase section */

/* Begin PBXGroup section */
		F4BDA30A2C0E5903003F67B7 = {
			isa = PBXGroup;
			children = (
				F4BDA3152C0E5903003F67B7 /* NkaClavier */,
				F4BDA32A2C0E6004003F67B7 /* Bamanankan */,
				F4BDA33A2C0E603B003F67B7 /* Soninkaxane */,
				F4BDA3142C0E5903003F67B7 /* Products */,
				F4BDA3442C0E6052003F67B7 /* Frameworks */,
			);
			sourceTree = "<group>";
		};
		F4BDA3142C0E5903003F67B7 /* Products */ = {
			isa = PBXGroup;
			children = (
				F4BDA3132C0E5903003F67B7 /* NkaClavier.app */,
				F4BDA3292C0E6004003F67B7 /* Bamanankan.appex */,
				F4BDA3392C0E603B003F67B7 /* Soninkaxane.appex */,
			);
			name = Products;
			sourceTree = "<group>";
		};
		F4BDA3152C0E5903003F67B7 /* NkaClavier */ = {
			isa = PBXGroup;
			children = (
				F4BDA36F2C0E634D003F67B7 /* Views */,
				F4BDA3692C0E634D003F67B7 /* Models */,
				F4BDA31A2C0E5906003F67B7 /* Assets.xcassets */,
				F4BDA3782C0E65D8003F67B7 /* InfoPlist.xcstrings */,
				F4BDA3162C0E5903003F67B7 /* NkaClavierApp.swift */,
				F4BDA3182C0E5903003F67B7 /* ContentView.swift */,
			);
			path = NkaClavier;
			sourceTree = "<group>";
		};
		F4BDA32A2C0E6004003F67B7 /* Bamanankan */ = {
			isa = PBXGroup;
			children = (
				F4BDA3552C0E621E003F67B7 /* Shared */,
				F4BDA3502C0E621E003F67B7 /* BambaraCalloutActionProvider.swift */,
				F4BDA3562C0E621E003F67B7 /* BambaraLayoutProvider.swift */,
				F4BDA3572C0E621E003F67B7 /* BambaraStyleProvider.swift */,
				F4BDA32B2C0E6004003F67B7 /* KeyboardViewController.swift */,
				F4BDA3512C0E621E003F67B7 /* suggestion.json */,
				F4BDA32D2C0E6004003F67B7 /* Info.plist */,
			);
			path = Bamanankan;
			sourceTree = "<group>";
		};
		F4BDA33A2C0E603B003F67B7 /* Soninkaxane */ = {
			isa = PBXGroup;
			children = (
				F4BDA35F2C0E62B5003F67B7 /* SoninkeLayoutProvider.swift */,
				F4BDA3602C0E62B6003F67B7 /* SoninkeStyleProvider.swift */,
				F4BDA3612C0E62B6003F67B7 /* suggestion.json */,
				F4BDA33B2C0E603B003F67B7 /* KeyboardViewController.swift */,
				F4BDA33D2C0E603B003F67B7 /* Info.plist */,
			);
			path = Soninkaxane;
			sourceTree = "<group>";
		};
		F4BDA3442C0E6052003F67B7 /* Frameworks */ = {
			isa = PBXGroup;
			children = (
			);
			name = Frameworks;
			sourceTree = "<group>";
		};
		F4BDA3552C0E621E003F67B7 /* Shared */ = {
			isa = PBXGroup;
			children = (
				F4BDA3522C0E621E003F67B7 /* CustomAutocompleteProvider.swift */,
				F4BDA3532C0E621E003F67B7 /* Extensions.swift */,
				F4BDA3542C0E621E003F67B7 /* SearchEngine.swift */,
			);
			path = Shared;
			sourceTree = "<group>";
		};
		F4BDA3692C0E634D003F67B7 /* Models */ = {
			isa = PBXGroup;
			children = (
				F4BDA3682C0E634D003F67B7 /* InfoItem.swift */,
			);
			path = Models;
			sourceTree = "<group>";
		};
		F4BDA36F2C0E634D003F67B7 /* Views */ = {
			isa = PBXGroup;
			children = (
				F4BDA36A2C0E634D003F67B7 /* BlurEffect.swift */,
				F4BDA36B2C0E634D003F67B7 /* InfoItemView.swift */,
				F4BDA36C2C0E634D003F67B7 /* PopButton.swift */,
				F4BDA36D2C0E634D003F67B7 /* PrivacyPolicyView.swift */,
				F4BDA36E2C0E634D003F67B7 /* Typewriter.swift */,
			);
			path = Views;
			sourceTree = "<group>";
		};
/* End PBXGroup section */

/* Begin PBXNativeTarget section */
		F4BDA3122C0E5903003F67B7 /* NkaClavier */ = {
			isa = PBXNativeTarget;
			buildConfigurationList = F4BDA3212C0E5906003F67B7 /* Build configuration list for PBXNativeTarget "NkaClavier" */;
			buildPhases = (
				F4BDA30F2C0E5903003F67B7 /* Sources */,
				F4BDA3102C0E5903003F67B7 /* Frameworks */,
				F4BDA3112C0E5903003F67B7 /* Resources */,
				F4BDA3342C0E6004003F67B7 /* Embed Foundation Extensions */,
			);
			buildRules = (
			);
			dependencies = (
				F4BDA32F2C0E6004003F67B7 /* PBXTargetDependency */,
				F4BDA33F2C0E603C003F67B7 /* PBXTargetDependency */,
			);
			name = NkaClavier;
			productName = NkaClavier;
			productReference = F4BDA3132C0E5903003F67B7 /* NkaClavier.app */;
			productType = "com.apple.product-type.application";
		};
		F4BDA3282C0E6004003F67B7 /* Bamanankan */ = {
			isa = PBXNativeTarget;
			buildConfigurationList = F4BDA3312C0E6004003F67B7 /* Build configuration list for PBXNativeTarget "Bamanankan" */;
			buildPhases = (
				F4BDA3252C0E6004003F67B7 /* Sources */,
				F4BDA3262C0E6004003F67B7 /* Frameworks */,
				F4BDA3272C0E6004003F67B7 /* Resources */,
			);
			buildRules = (
			);
			dependencies = (
			);
			name = Bamanankan;
			packageProductDependencies = (
				F4BDA34E2C0E61EC003F67B7 /* KeyboardKit */,
			);
			productName = Bamanankan;
			productReference = F4BDA3292C0E6004003F67B7 /* Bamanankan.appex */;
			productType = "com.apple.product-type.app-extension";
		};
		F4BDA3382C0E603B003F67B7 /* Soninkaxane */ = {
			isa = PBXNativeTarget;
			buildConfigurationList = F4BDA3412C0E603C003F67B7 /* Build configuration list for PBXNativeTarget "Soninkaxane" */;
			buildPhases = (
				F4BDA3352C0E603B003F67B7 /* Sources */,
				F4BDA3362C0E603B003F67B7 /* Frameworks */,
				F4BDA3372C0E603B003F67B7 /* Resources */,
			);
			buildRules = (
			);
			dependencies = (
			);
			name = Soninkaxane;
			packageProductDependencies = (
				F4BDA3452C0E6052003F67B7 /* KeyboardKit */,
			);
			productName = Soninkaxane;
			productReference = F4BDA3392C0E603B003F67B7 /* Soninkaxane.appex */;
			productType = "com.apple.product-type.app-extension";
		};
/* End PBXNativeTarget section */

/* Begin PBXProject section */
		F4BDA30B2C0E5903003F67B7 /* Project object */ = {
			isa = PBXProject;
			attributes = {
				BuildIndependentTargetsInParallel = 1;
				LastSwiftUpdateCheck = 1540;
				LastUpgradeCheck = 1540;
				TargetAttributes = {
					F4BDA3122C0E5903003F67B7 = {
						CreatedOnToolsVersion = 15.4;
					};
					F4BDA3282C0E6004003F67B7 = {
						CreatedOnToolsVersion = 15.4;
					};
					F4BDA3382C0E603B003F67B7 = {
						CreatedOnToolsVersion = 15.4;
					};
				};
			};
			buildConfigurationList = F4BDA30E2C0E5903003F67B7 /* Build configuration list for PBXProject "NkaClavier" */;
			compatibilityVersion = "Xcode 14.0";
			developmentRegion = fr;
			hasScannedForEncodings = 0;
			knownRegions = (
				Base,
				fr,
			);
			mainGroup = F4BDA30A2C0E5903003F67B7;
			packageReferences = (
				F4BDA3242C0E5FDE003F67B7 /* XCRemoteSwiftPackageReference "KeyboardKit" */,
			);
			productRefGroup = F4BDA3142C0E5903003F67B7 /* Products */;
			projectDirPath = "";
			projectRoot = "";
			targets = (
				F4BDA3122C0E5903003F67B7 /* NkaClavier */,
				F4BDA3282C0E6004003F67B7 /* Bamanankan */,
				F4BDA3382C0E603B003F67B7 /* Soninkaxane */,
			);
		};
/* End PBXProject section */

/* Begin PBXResourcesBuildPhase section */
		F4BDA3112C0E5903003F67B7 /* Resources */ = {
			isa = PBXResourcesBuildPhase;
			buildActionMask = 2147483647;
			files = (
				F4BDA3792C0E65D8003F67B7 /* InfoPlist.xcstrings in Resources */,
				F4BDA31B2C0E5906003F67B7 /* Assets.xcassets in Resources */,
			);
			runOnlyForDeploymentPostprocessing = 0;
		};
		F4BDA3272C0E6004003F67B7 /* Resources */ = {
			isa = PBXResourcesBuildPhase;
			buildActionMask = 2147483647;
			files = (
				F4BDA3592C0E621E003F67B7 /* suggestion.json in Resources */,
			);
			runOnlyForDeploymentPostprocessing = 0;
		};
		F4BDA3372C0E603B003F67B7 /* Resources */ = {
			isa = PBXResourcesBuildPhase;
			buildActionMask = 2147483647;
			files = (
				F4BDA3642C0E62B6003F67B7 /* suggestion.json in Resources */,
			);
			runOnlyForDeploymentPostprocessing = 0;
		};
/* End PBXResourcesBuildPhase section */

/* Begin PBXSourcesBuildPhase section */
		F4BDA30F2C0E5903003F67B7 /* Sources */ = {
			isa = PBXSourcesBuildPhase;
			buildActionMask = 2147483647;
			files = (
				F4BDA3192C0E5903003F67B7 /* ContentView.swift in Sources */,
				F4BDA3742C0E634D003F67B7 /* PrivacyPolicyView.swift in Sources */,
				F4BDA3752C0E634D003F67B7 /* Typewriter.swift in Sources */,
				F4BDA3732C0E634D003F67B7 /* PopButton.swift in Sources */,
				F4BDA3712C0E634D003F67B7 /* BlurEffect.swift in Sources */,
				F4BDA3172C0E5903003F67B7 /* NkaClavierApp.swift in Sources */,
				F4BDA3722C0E634D003F67B7 /* InfoItemView.swift in Sources */,
				F4BDA3702C0E634D003F67B7 /* InfoItem.swift in Sources */,
			);
			runOnlyForDeploymentPostprocessing = 0;
		};
		F4BDA3252C0E6004003F67B7 /* Sources */ = {
			isa = PBXSourcesBuildPhase;
			buildActionMask = 2147483647;
			files = (
				F4BDA35C2C0E621E003F67B7 /* SearchEngine.swift in Sources */,
				F4BDA35D2C0E621E003F67B7 /* BambaraLayoutProvider.swift in Sources */,
				F4BDA35A2C0E621E003F67B7 /* CustomAutocompleteProvider.swift in Sources */,
				F4BDA3582C0E621E003F67B7 /* BambaraCalloutActionProvider.swift in Sources */,
				F4BDA32C2C0E6004003F67B7 /* KeyboardViewController.swift in Sources */,
				F4BDA35E2C0E621E003F67B7 /* BambaraStyleProvider.swift in Sources */,
				F4BDA35B2C0E621E003F67B7 /* Extensions.swift in Sources */,
			);
			runOnlyForDeploymentPostprocessing = 0;
		};
		F4BDA3352C0E603B003F67B7 /* Sources */ = {
			isa = PBXSourcesBuildPhase;
			buildActionMask = 2147483647;
			files = (
				F4BDA3632C0E62B6003F67B7 /* SoninkeStyleProvider.swift in Sources */,
				F4BDA3622C0E62B6003F67B7 /* SoninkeLayoutProvider.swift in Sources */,
				F4BDA3652C0E62E1003F67B7 /* Extensions.swift in Sources */,
				F4BDA3662C0E62E1003F67B7 /* SearchEngine.swift in Sources */,
				F4BDA3672C0E62E1003F67B7 /* CustomAutocompleteProvider.swift in Sources */,
				F4BDA33C2C0E603B003F67B7 /* KeyboardViewController.swift in Sources */,
			);
			runOnlyForDeploymentPostprocessing = 0;
		};
/* End PBXSourcesBuildPhase section */

/* Begin PBXTargetDependency section */
		F4BDA32F2C0E6004003F67B7 /* PBXTargetDependency */ = {
			isa = PBXTargetDependency;
			target = F4BDA3282C0E6004003F67B7 /* Bamanankan */;
			targetProxy = F4BDA32E2C0E6004003F67B7 /* PBXContainerItemProxy */;
		};
		F4BDA33F2C0E603C003F67B7 /* PBXTargetDependency */ = {
			isa = PBXTargetDependency;
			target = F4BDA3382C0E603B003F67B7 /* Soninkaxane */;
			targetProxy = F4BDA33E2C0E603C003F67B7 /* PBXContainerItemProxy */;
		};
/* End PBXTargetDependency section */

/* Begin XCBuildConfiguration section */
		F4BDA31F2C0E5906003F67B7 /* Debug */ = {
			isa = XCBuildConfiguration;
			buildSettings = {
				ALWAYS_SEARCH_USER_PATHS = NO;
				ASSETCATALOG_COMPILER_GENERATE_SWIFT_ASSET_SYMBOL_EXTENSIONS = YES;
				CLANG_ANALYZER_NONNULL = YES;
				CLANG_ANALYZER_NUMBER_OBJECT_CONVERSION = YES_AGGRESSIVE;
				CLANG_CXX_LANGUAGE_STANDARD = "gnu++20";
				CLANG_ENABLE_MODULES = YES;
				CLANG_ENABLE_OBJC_ARC = YES;
				CLANG_ENABLE_OBJC_WEAK = YES;
				CLANG_WARN_BLOCK_CAPTURE_AUTORELEASING = YES;
				CLANG_WARN_BOOL_CONVERSION = YES;
				CLANG_WARN_COMMA = YES;
				CLANG_WARN_CONSTANT_CONVERSION = YES;
				CLANG_WARN_DEPRECATED_OBJC_IMPLEMENTATIONS = YES;
				CLANG_WARN_DIRECT_OBJC_ISA_USAGE = YES_ERROR;
				CLANG_WARN_DOCUMENTATION_COMMENTS = YES;
				CLANG_WARN_EMPTY_BODY = YES;
				CLANG_WARN_ENUM_CONVERSION = YES;
				CLANG_WARN_INFINITE_RECURSION = YES;
				CLANG_WARN_INT_CONVERSION = YES;
				CLANG_WARN_NON_LITERAL_NULL_CONVERSION = YES;
				CLANG_WARN_OBJC_IMPLICIT_RETAIN_SELF = YES;
				CLANG_WARN_OBJC_LITERAL_CONVERSION = YES;
				CLANG_WARN_OBJC_ROOT_CLASS = YES_ERROR;
				CLANG_WARN_QUOTED_INCLUDE_IN_FRAMEWORK_HEADER = YES;
				CLANG_WARN_RANGE_LOOP_ANALYSIS = YES;
				CLANG_WARN_STRICT_PROTOTYPES = YES;
				CLANG_WARN_SUSPICIOUS_MOVE = YES;
				CLANG_WARN_UNGUARDED_AVAILABILITY = YES_AGGRESSIVE;
				CLANG_WARN_UNREACHABLE_CODE = YES;
				CLANG_WARN__DUPLICATE_METHOD_MATCH = YES;
				COPY_PHASE_STRIP = NO;
				DEBUG_INFORMATION_FORMAT = dwarf;
				ENABLE_STRICT_OBJC_MSGSEND = YES;
				ENABLE_TESTABILITY = YES;
				ENABLE_USER_SCRIPT_SANDBOXING = YES;
				GCC_C_LANGUAGE_STANDARD = gnu17;
				GCC_DYNAMIC_NO_PIC = NO;
				GCC_NO_COMMON_BLOCKS = YES;
				GCC_OPTIMIZATION_LEVEL = 0;
				GCC_PREPROCESSOR_DEFINITIONS = (
					"DEBUG=1",
					"$(inherited)",
				);
				GCC_WARN_64_TO_32_BIT_CONVERSION = YES;
				GCC_WARN_ABOUT_RETURN_TYPE = YES_ERROR;
				GCC_WARN_UNDECLARED_SELECTOR = YES;
				GCC_WARN_UNINITIALIZED_AUTOS = YES_AGGRESSIVE;
				GCC_WARN_UNUSED_FUNCTION = YES;
				GCC_WARN_UNUSED_VARIABLE = YES;
				IPHONEOS_DEPLOYMENT_TARGET = 17.0;
				LOCALIZATION_PREFERS_STRING_CATALOGS = YES;
				MTL_ENABLE_DEBUG_INFO = INCLUDE_SOURCE;
				MTL_FAST_MATH = YES;
				ONLY_ACTIVE_ARCH = YES;
				SDKROOT = iphoneos;
				SWIFT_ACTIVE_COMPILATION_CONDITIONS = "DEBUG $(inherited)";
				SWIFT_OPTIMIZATION_LEVEL = "-Onone";
			};
			name = Debug;
		};
		F4BDA3202C0E5906003F67B7 /* Release */ = {
			isa = XCBuildConfiguration;
			buildSettings = {
				ALWAYS_SEARCH_USER_PATHS = NO;
				ASSETCATALOG_COMPILER_GENERATE_SWIFT_ASSET_SYMBOL_EXTENSIONS = YES;
				CLANG_ANALYZER_NONNULL = YES;
				CLANG_ANALYZER_NUMBER_OBJECT_CONVERSION = YES_AGGRESSIVE;
				CLANG_CXX_LANGUAGE_STANDARD = "gnu++20";
				CLANG_ENABLE_MODULES = YES;
				CLANG_ENABLE_OBJC_ARC = YES;
				CLANG_ENABLE_OBJC_WEAK = YES;
				CLANG_WARN_BLOCK_CAPTURE_AUTORELEASING = YES;
				CLANG_WARN_BOOL_CONVERSION = YES;
				CLANG_WARN_COMMA = YES;
				CLANG_WARN_CONSTANT_CONVERSION = YES;
				CLANG_WARN_DEPRECATED_OBJC_IMPLEMENTATIONS = YES;
				CLANG_WARN_DIRECT_OBJC_ISA_USAGE = YES_ERROR;
				CLANG_WARN_DOCUMENTATION_COMMENTS = YES;
				CLANG_WARN_EMPTY_BODY = YES;
				CLANG_WARN_ENUM_CONVERSION = YES;
				CLANG_WARN_INFINITE_RECURSION = YES;
				CLANG_WARN_INT_CONVERSION = YES;
				CLANG_WARN_NON_LITERAL_NULL_CONVERSION = YES;
				CLANG_WARN_OBJC_IMPLICIT_RETAIN_SELF = YES;
				CLANG_WARN_OBJC_LITERAL_CONVERSION = YES;
				CLANG_WARN_OBJC_ROOT_CLASS = YES_ERROR;
				CLANG_WARN_QUOTED_INCLUDE_IN_FRAMEWORK_HEADER = YES;
				CLANG_WARN_RANGE_LOOP_ANALYSIS = YES;
				CLANG_WARN_STRICT_PROTOTYPES = YES;
				CLANG_WARN_SUSPICIOUS_MOVE = YES;
				CLANG_WARN_UNGUARDED_AVAILABILITY = YES_AGGRESSIVE;
				CLANG_WARN_UNREACHABLE_CODE = YES;
				CLANG_WARN__DUPLICATE_METHOD_MATCH = YES;
				COPY_PHASE_STRIP = NO;
				DEBUG_INFORMATION_FORMAT = "dwarf-with-dsym";
				ENABLE_NS_ASSERTIONS = NO;
				ENABLE_STRICT_OBJC_MSGSEND = YES;
				ENABLE_USER_SCRIPT_SANDBOXING = YES;
				GCC_C_LANGUAGE_STANDARD = gnu17;
				GCC_NO_COMMON_BLOCKS = YES;
				GCC_WARN_64_TO_32_BIT_CONVERSION = YES;
				GCC_WARN_ABOUT_RETURN_TYPE = YES_ERROR;
				GCC_WARN_UNDECLARED_SELECTOR = YES;
				GCC_WARN_UNINITIALIZED_AUTOS = YES_AGGRESSIVE;
				GCC_WARN_UNUSED_FUNCTION = YES;
				GCC_WARN_UNUSED_VARIABLE = YES;
				IPHONEOS_DEPLOYMENT_TARGET = 17.0;
				LOCALIZATION_PREFERS_STRING_CATALOGS = YES;
				MTL_ENABLE_DEBUG_INFO = NO;
				MTL_FAST_MATH = YES;
				SDKROOT = iphoneos;
				SWIFT_COMPILATION_MODE = wholemodule;
				VALIDATE_PRODUCT = YES;
			};
			name = Release;
		};
		F4BDA3222C0E5906003F67B7 /* Debug */ = {
			isa = XCBuildConfiguration;
			buildSettings = {
				ALWAYS_EMBED_SWIFT_STANDARD_LIBRARIES = YES;
				ASSETCATALOG_COMPILER_APPICON_NAME = AppIcon;
				ASSETCATALOG_COMPILER_GLOBAL_ACCENT_COLOR_NAME = AccentColor;
				CODE_SIGN_STYLE = Automatic;
				CURRENT_PROJECT_VERSION = 1;
				DEVELOPMENT_TEAM = QN843L945A;
				ENABLE_PREVIEWS = YES;
				GENERATE_INFOPLIST_FILE = YES;
				INFOPLIST_KEY_LSApplicationCategoryType = "public.app-category.utilities";
				INFOPLIST_KEY_UIApplicationSceneManifest_Generation = YES;
				INFOPLIST_KEY_UIApplicationSupportsIndirectInputEvents = YES;
				INFOPLIST_KEY_UILaunchScreen_Generation = YES;
				INFOPLIST_KEY_UISupportedInterfaceOrientations_iPad = "UIInterfaceOrientationPortrait UIInterfaceOrientationPortraitUpsideDown UIInterfaceOrientationLandscapeLeft UIInterfaceOrientationLandscapeRight";
				INFOPLIST_KEY_UISupportedInterfaceOrientations_iPhone = "UIInterfaceOrientationPortrait UIInterfaceOrientationLandscapeLeft UIInterfaceOrientationLandscapeRight";
				LD_RUNPATH_SEARCH_PATHS = (
					"$(inherited)",
					"@executable_path/Frameworks",
				);
				MARKETING_VERSION = 1.0;
				PRODUCT_BUNDLE_IDENTIFIER = com.afrcvn.NkaClavier;
				PRODUCT_NAME = "$(TARGET_NAME)";
				SWIFT_EMIT_LOC_STRINGS = YES;
				SWIFT_VERSION = 5.0;
				TARGETED_DEVICE_FAMILY = "1,2";
			};
			name = Debug;
		};
		F4BDA3232C0E5906003F67B7 /* Release */ = {
			isa = XCBuildConfiguration;
			buildSettings = {
				ALWAYS_EMBED_SWIFT_STANDARD_LIBRARIES = YES;
				ASSETCATALOG_COMPILER_APPICON_NAME = AppIcon;
				ASSETCATALOG_COMPILER_GLOBAL_ACCENT_COLOR_NAME = AccentColor;
				CODE_SIGN_STYLE = Automatic;
				CURRENT_PROJECT_VERSION = 1;
				DEVELOPMENT_TEAM = QN843L945A;
				ENABLE_PREVIEWS = YES;
				GENERATE_INFOPLIST_FILE = YES;
				INFOPLIST_KEY_LSApplicationCategoryType = "public.app-category.utilities";
				INFOPLIST_KEY_UIApplicationSceneManifest_Generation = YES;
				INFOPLIST_KEY_UIApplicationSupportsIndirectInputEvents = YES;
				INFOPLIST_KEY_UILaunchScreen_Generation = YES;
				INFOPLIST_KEY_UISupportedInterfaceOrientations_iPad = "UIInterfaceOrientationPortrait UIInterfaceOrientationPortraitUpsideDown UIInterfaceOrientationLandscapeLeft UIInterfaceOrientationLandscapeRight";
				INFOPLIST_KEY_UISupportedInterfaceOrientations_iPhone = "UIInterfaceOrientationPortrait UIInterfaceOrientationLandscapeLeft UIInterfaceOrientationLandscapeRight";
				LD_RUNPATH_SEARCH_PATHS = (
					"$(inherited)",
					"@executable_path/Frameworks",
				);
				MARKETING_VERSION = 1.0;
				PRODUCT_BUNDLE_IDENTIFIER = com.afrcvn.NkaClavier;
				PRODUCT_NAME = "$(TARGET_NAME)";
				SWIFT_EMIT_LOC_STRINGS = YES;
				SWIFT_VERSION = 5.0;
				TARGETED_DEVICE_FAMILY = "1,2";
			};
			name = Release;
		};
		F4BDA3322C0E6004003F67B7 /* Debug */ = {
			isa = XCBuildConfiguration;
			buildSettings = {
				CODE_SIGN_STYLE = Automatic;
				CURRENT_PROJECT_VERSION = 1;
				DEVELOPMENT_TEAM = QN843L945A;
				GENERATE_INFOPLIST_FILE = YES;
				INFOPLIST_FILE = Bamanankan/Info.plist;
				INFOPLIST_KEY_CFBundleDisplayName = Bamanankan;
				INFOPLIST_KEY_NSHumanReadableCopyright = "";
				IPHONEOS_DEPLOYMENT_TARGET = 17.0;
				LD_RUNPATH_SEARCH_PATHS = (
					"$(inherited)",
					"@executable_path/Frameworks",
					"@executable_path/../../Frameworks",
				);
				MARKETING_VERSION = 1.0;
				PRODUCT_BUNDLE_IDENTIFIER = com.afrcvn.NkaClavier.Bamanankan;
				PRODUCT_NAME = "$(TARGET_NAME)";
				SKIP_INSTALL = YES;
				SUPPORTED_PLATFORMS = "iphoneos iphonesimulator";
				SUPPORTS_MACCATALYST = NO;
				SUPPORTS_MAC_DESIGNED_FOR_IPHONE_IPAD = YES;
				SUPPORTS_XR_DESIGNED_FOR_IPHONE_IPAD = YES;
				SWIFT_EMIT_LOC_STRINGS = YES;
				SWIFT_VERSION = 5.0;
				TARGETED_DEVICE_FAMILY = "1,2";
			};
			name = Debug;
		};
		F4BDA3332C0E6004003F67B7 /* Release */ = {
			isa = XCBuildConfiguration;
			buildSettings = {
				CODE_SIGN_STYLE = Automatic;
				CURRENT_PROJECT_VERSION = 1;
				DEVELOPMENT_TEAM = QN843L945A;
				GENERATE_INFOPLIST_FILE = YES;
				INFOPLIST_FILE = Bamanankan/Info.plist;
				INFOPLIST_KEY_CFBundleDisplayName = Bamanankan;
				INFOPLIST_KEY_NSHumanReadableCopyright = "";
				IPHONEOS_DEPLOYMENT_TARGET = 17.0;
				LD_RUNPATH_SEARCH_PATHS = (
					"$(inherited)",
					"@executable_path/Frameworks",
					"@executable_path/../../Frameworks",
				);
				MARKETING_VERSION = 1.0;
				PRODUCT_BUNDLE_IDENTIFIER = com.afrcvn.NkaClavier.Bamanankan;
				PRODUCT_NAME = "$(TARGET_NAME)";
				SKIP_INSTALL = YES;
				SUPPORTED_PLATFORMS = "iphoneos iphonesimulator";
				SUPPORTS_MACCATALYST = NO;
				SUPPORTS_MAC_DESIGNED_FOR_IPHONE_IPAD = YES;
				SUPPORTS_XR_DESIGNED_FOR_IPHONE_IPAD = YES;
				SWIFT_EMIT_LOC_STRINGS = YES;
				SWIFT_VERSION = 5.0;
				TARGETED_DEVICE_FAMILY = "1,2";
			};
			name = Release;
		};
		F4BDA3422C0E603C003F67B7 /* Debug */ = {
			isa = XCBuildConfiguration;
			buildSettings = {
				CODE_SIGN_STYLE = Automatic;
				CURRENT_PROJECT_VERSION = 1;
				DEVELOPMENT_TEAM = QN843L945A;
				GENERATE_INFOPLIST_FILE = YES;
				INFOPLIST_FILE = Soninkaxane/Info.plist;
				INFOPLIST_KEY_CFBundleDisplayName = Soninkaxane;
				INFOPLIST_KEY_NSHumanReadableCopyright = "";
				LD_RUNPATH_SEARCH_PATHS = (
					"$(inherited)",
					"@executable_path/Frameworks",
					"@executable_path/../../Frameworks",
				);
				MARKETING_VERSION = 1.0;
				PRODUCT_BUNDLE_IDENTIFIER = com.afrcvn.NkaClavier.Soninkaxane;
				PRODUCT_NAME = "$(TARGET_NAME)";
				SKIP_INSTALL = YES;
				SWIFT_EMIT_LOC_STRINGS = YES;
				SWIFT_VERSION = 5.0;
				TARGETED_DEVICE_FAMILY = "1,2";
			};
			name = Debug;
		};
		F4BDA3432C0E603C003F67B7 /* Release */ = {
			isa = XCBuildConfiguration;
			buildSettings = {
				CODE_SIGN_STYLE = Automatic;
				CURRENT_PROJECT_VERSION = 1;
				DEVELOPMENT_TEAM = QN843L945A;
				GENERATE_INFOPLIST_FILE = YES;
				INFOPLIST_FILE = Soninkaxane/Info.plist;
				INFOPLIST_KEY_CFBundleDisplayName = Soninkaxane;
				INFOPLIST_KEY_NSHumanReadableCopyright = "";
				LD_RUNPATH_SEARCH_PATHS = (
					"$(inherited)",
					"@executable_path/Frameworks",
					"@executable_path/../../Frameworks",
				);
				MARKETING_VERSION = 1.0;
				PRODUCT_BUNDLE_IDENTIFIER = com.afrcvn.NkaClavier.Soninkaxane;
				PRODUCT_NAME = "$(TARGET_NAME)";
				SKIP_INSTALL = YES;
				SWIFT_EMIT_LOC_STRINGS = YES;
				SWIFT_VERSION = 5.0;
				TARGETED_DEVICE_FAMILY = "1,2";
			};
			name = Release;
		};
/* End XCBuildConfiguration section */

/* Begin XCConfigurationList section */
		F4BDA30E2C0E5903003F67B7 /* Build configuration list for PBXProject "NkaClavier" */ = {
			isa = XCConfigurationList;
			buildConfigurations = (
				F4BDA31F2C0E5906003F67B7 /* Debug */,
				F4BDA3202C0E5906003F67B7 /* Release */,
			);
			defaultConfigurationIsVisible = 0;
			defaultConfigurationName = Release;
		};
		F4BDA3212C0E5906003F67B7 /* Build configuration list for PBXNativeTarget "NkaClavier" */ = {
			isa = XCConfigurationList;
			buildConfigurations = (
				F4BDA3222C0E5906003F67B7 /* Debug */,
				F4BDA3232C0E5906003F67B7 /* Release */,
			);
			defaultConfigurationIsVisible = 0;
			defaultConfigurationName = Release;
		};
		F4BDA3312C0E6004003F67B7 /* Build configuration list for PBXNativeTarget "Bamanankan" */ = {
			isa = XCConfigurationList;
			buildConfigurations = (
				F4BDA3322C0E6004003F67B7 /* Debug */,
				F4BDA3332C0E6004003F67B7 /* Release */,
			);
			defaultConfigurationIsVisible = 0;
			defaultConfigurationName = Release;
		};
		F4BDA3412C0E603C003F67B7 /* Build configuration list for PBXNativeTarget "Soninkaxane" */ = {
			isa = XCConfigurationList;
			buildConfigurations = (
				F4BDA3422C0E603C003F67B7 /* Debug */,
				F4BDA3432C0E603C003F67B7 /* Release */,
			);
			defaultConfigurationIsVisible = 0;
			defaultConfigurationName = Release;
		};
/* End XCConfigurationList section */

/* Begin XCRemoteSwiftPackageReference section */
		F4BDA3242C0E5FDE003F67B7 /* XCRemoteSwiftPackageReference "KeyboardKit" */ = {
			isa = XCRemoteSwiftPackageReference;
			repositoryURL = "https://github.com/KeyboardKit/KeyboardKit.git";
			requirement = {
				kind = upToNextMajorVersion;
				minimumVersion = 8.6.0;
			};
		};
/* End XCRemoteSwiftPackageReference section */

/* Begin XCSwiftPackageProductDependency section */
		F4BDA3452C0E6052003F67B7 /* KeyboardKit */ = {
			isa = XCSwiftPackageProductDependency;
			package = F4BDA3242C0E5FDE003F67B7 /* XCRemoteSwiftPackageReference "KeyboardKit" */;
			productName = KeyboardKit;
		};
		F4BDA34E2C0E61EC003F67B7 /* KeyboardKit */ = {
			isa = XCSwiftPackageProductDependency;
			package = F4BDA3242C0E5FDE003F67B7 /* XCRemoteSwiftPackageReference "KeyboardKit" */;
			productName = KeyboardKit;
		};
/* End XCSwiftPackageProductDependency section */
	};
	rootObject = F4BDA30B2C0E5903003F67B7 /* Project object */;
}
